
Microsoft Visual Studio Solution File, Format Version 12.00
# Visual Studio Version 16
VisualStudioVersion = 16.0.30320.27
MinimumVisualStudioVersion = 10.0.40219.1
Project("{FAE04EC0-301F-11D3-BF4B-00C04F79EFBC}") = "OrbitalDecay", "OrbitalDecay\OrbitalDecay.csproj", "{5A0A1C2D-253B-465C-9A10-D65377235BBF}"
EndProject
Project("{2150E333-8FDC-42A3-9474-1A3956D46DE8}") = "Solution Items", "Solution Items", "{ADE8166B-7DE5-41D9-A5BC-61168047F4B1}"
	ProjectSection(SolutionItems) = preProject
		buildRelease.bat = buildRelease.bat
		Changelog.txt = Changelog.txt
		deploy.bat = deploy.bat
		jenkins.txt = jenkins.txt
		License.txt = License.txt
		OrbitalDecay.version = OrbitalDecay.version
		READ BEFORE UPLOADING = READ BEFORE UPLOADING
	EndProjectSection
EndProject
Global
	GlobalSection(SolutionConfigurationPlatforms) = preSolution
		Debug|Any CPU = Debug|Any CPU
		Release|Any CPU = Release|Any CPU
	EndGlobalSection
	GlobalSection(ProjectConfigurationPlatforms) = postSolution
		{5A0A1C2D-253B-465C-9A10-D65377235BBF}.Debug|Any CPU.ActiveCfg = Debug|Any CPU
		{5A0A1C2D-253B-465C-9A10-D65377235BBF}.Debug|Any CPU.Build.0 = Debug|Any CPU
		{5A0A1C2D-253B-465C-9A10-D65377235BBF}.Release|Any CPU.ActiveCfg = Release|Any CPU
		{5A0A1C2D-253B-465C-9A10-D65377235BBF}.Release|Any CPU.Build.0 = Release|Any CPU
	EndGlobalSection
	GlobalSection(SolutionProperties) = preSolution
		HideSolutionNode = FALSE
	EndGlobalSection
	GlobalSection(ExtensibilityGlobals) = postSolution
		SolutionGuid = {67FDFB81-B491-457B-A93F-42DAB2C6D635}
	EndGlobalSection
EndGlobal
